Microsoft Visual Studio Solution File, Format Version 12.00
# Visual Studio 15
VisualStudioVersion = 15.0.27130.2003
MinimumVisualStudioVersion = 10.0.40219.1
Project("{8BC9CEB8-8B4A-11D0-8D11-00A0C91BC942}") = "freeglut_static", "freeglut_static.vcxproj", "{99740DBB-637F-3A85-B838-C3644B3E7AF4}"
EndProject
Global
	GlobalSection(SolutionConfigurationPlatforms) = preSolution
		Debug|Win32 = Debug|Win32
		MinSizeRel|Win32 = MinSizeRel|Win32
		Release|Win32 = Release|Win32
		RelWithDebInfo|Win32 = RelWithDebInfo|Win32
	EndGlobalSection
	GlobalSection(ProjectConfigurationPlatforms) = postSolution
		{99740DBB-637F-3A85-B838-C3644B3E7AF4}.Debug|Win32.ActiveCfg = Debug|Win32
		{99740DBB-637F-3A85-B838-C3644B3E7AF4}.Debug|Win32.Build.0 = Debug|Win32
		{99740DBB-637F-3A85-B838-C3644B3E7AF4}.MinSizeRel|Win32.ActiveCfg = MinSizeRel|Win32
		{99740DBB-637F-3A85-B838-C3644B3E7AF4}.MinSizeRel|Win32.Build.0 = MinSizeRel|Win32
		{99740DBB-637F-3A85-B838-C3644B3E7AF4}.Release|Win32.ActiveCfg = Release|Win32
		{99740DBB-637F-3A85-B838-C3644B3E7AF4}.Release|Win32.Build.0 = Release|Win32
		{99740DBB-637F-3A85-B838-C3644B3E7AF4}.RelWithDebInfo|Win32.ActiveCfg = RelWithDebInfo|Win32
		{99740DBB-637F-3A85-B838-C3644B3E7AF4}.RelWithDebInfo|Win32.Build.0 = RelWithDebInfo|Win32
	EndGlobalSection
	GlobalSection(SolutionProperties) = preSolution
		HideSolutionNode = FALSE
	EndGlobalSection
	GlobalSection(ExtensibilityGlobals) = postSolution
		SolutionGuid = {858CBC8E-2E8A-3625-B0A4-67669C0C1950}
	EndGlobalSection
EndGlobal
